
Microsoft Visual Studio Solution File, Format Version 12.00
# Visual Studio Version 17
VisualStudioVersion = 17.4.33110.190
MinimumVisualStudioVersion = 10.0.40219.1
Project("{9A19103F-16F7-4668-BE54-9A1E7A4F7556}") = "Codewars", "Codewars.csproj", "{34107F9D-7D46-4E8D-9178-AE0B547CEE33}"
EndProject
Global
	GlobalSection(SolutionConfigurationPlatforms) = preSolution
		Debug|Any CPU = Debug|Any CPU
		Release|Any CPU = Release|Any CPU
	EndGlobalSection
	GlobalSection(ProjectConfigurationPlatforms) = postSolution
		{34107F9D-7D46-4E8D-9178-AE0B547CEE33}.Debug|Any CPU.ActiveCfg = Debug|Any CPU
		{34107F9D-7D46-4E8D-9178-AE0B547CEE33}.Debug|Any CPU.Build.0 = Debug|Any CPU
		{34107F9D-7D46-4E8D-9178-AE0B547CEE33}.Release|Any CPU.ActiveCfg = Release|Any CPU
		{34107F9D-7D46-4E8D-9178-AE0B547CEE33}.Release|Any CPU.Build.0 = Release|Any CPU
	EndGlobalSection
	GlobalSection(SolutionProperties) = preSolution
		HideSolutionNode = FALSE
	EndGlobalSection
	GlobalSection(ExtensibilityGlobals) = postSolution
		SolutionGuid = {A3BF6DE7-DE76-4701-BA15-38762D8B92D5}
	EndGlobalSection
EndGlobal
